// !$*UTF8*$!
{
	archiveVersion = 1;
	classes = {
	};
	objectVersion = 46;
	objects = {

/* Begin PBXBuildFile section */
		C650F5831F23B53D00F4AF87 /* fighter.cpp in Sources */ = {isa = PBXBuildFile; fileRef = C650F5811F23B53D00F4AF87 /* fighter.cpp */; };
		C694028B1E0E5A1D001EAF9C /* ResourcePath.mm in Sources */ = {isa = PBXBuildFile; fileRef = C694028A1E0E5A1D001EAF9C /* ResourcePath.mm */; };
		C694028E1E0E5A1D001EAF9C /* main.cpp in Sources */ = {isa = PBXBuildFile; fileRef = C694028D1E0E5A1D001EAF9C /* main.cpp */; };
		C69402911E0E5A1D001EAF9C /* cute_image.jpg in Resources */ = {isa = PBXBuildFile; fileRef = C69402901E0E5A1D001EAF9C /* cute_image.jpg */; };
		C69402931E0E5A1D001EAF9C /* nice_music.ogg in Resources */ = {isa = PBXBuildFile; fileRef = C69402921E0E5A1D001EAF9C /* nice_music.ogg */; };
		C69402951E0E5A1D001EAF9C /* sansation.ttf in Resources */ = {isa = PBXBuildFile; fileRef = C69402941E0E5A1D001EAF9C /* sansation.ttf */; };
		C69402971E0E5A1D001EAF9C /* icon.png in Resources */ = {isa = PBXBuildFile; fileRef = C69402961E0E5A1D001EAF9C /* icon.png */; };
		C694029F1E0E5C0E001EAF9C /* player.cpp in Sources */ = {isa = PBXBuildFile; fileRef = C694029D1E0E5C0E001EAF9C /* player.cpp */; };
		C69402A51E1E1FB7001EAF9C /* vertsea.png in Resources */ = {isa = PBXBuildFile; fileRef = C69402A41E1E1FB7001EAF9C /* vertsea.png */; };
		C69402AA1E218B2B001EAF9C /* sprite_1.png in Resources */ = {isa = PBXBuildFile; fileRef = C69402A91E218B2B001EAF9C /* sprite_1.png */; };
		C6BF562D1EF499130042F98F /* npc.cpp in Sources */ = {isa = PBXBuildFile; fileRef = C6BF562B1EF499130042F98F /* npc.cpp */; };
		C6BF56311EF4BF4B0042F98F /* vertsea 1.png in Resources */ = {isa = PBXBuildFile; fileRef = C6BF56301EF4BF4B0042F98F /* vertsea 1.png */; };
		C6BF56341EF742D00042F98F /* textbox.cpp in Sources */ = {isa = PBXBuildFile; fileRef = C6BF56321EF742D00042F98F /* textbox.cpp */; };
/* End PBXBuildFile section */

/* Begin PBXFileReference section */
		C650F5811F23B53D00F4AF87 /* fighter.cpp */ = {isa = PBXFileReference; fileEncoding = 4; lastKnownFileType = sourcecode.cpp.cpp; path = fighter.cpp; sourceTree = "<group>"; };
		C650F5821F23B53D00F4AF87 /* fighter.hpp */ = {isa = PBXFileReference; fileEncoding = 4; lastKnownFileType = sourcecode.cpp.h; path = fighter.hpp; sourceTree = "<group>"; };
		C69402851E0E5A1C001EAF9C /* Overworld.app */ = {isa = PBXFileReference; explicitFileType = wrapper.application; includeInIndex = 0; path = Overworld.app; sourceTree = BUILT_PRODUCTS_DIR; };
		C694028A1E0E5A1D001EAF9C /* ResourcePath.mm */ = {isa = PBXFileReference; lastKnownFileType = sourcecode.cpp.objcpp; path = ResourcePath.mm; sourceTree = "<group>"; };
		C694028C1E0E5A1D001EAF9C /* ResourcePath.hpp */ = {isa = PBXFileReference; lastKnownFileType = sourcecode.cpp.h; path = ResourcePath.hpp; sourceTree = "<group>"; };
		C694028D1E0E5A1D001EAF9C /* main.cpp */ = {isa = PBXFileReference; lastKnownFileType = sourcecode.cpp.cpp; path = main.cpp; sourceTree = "<group>"; };
		C69402901E0E5A1D001EAF9C /* cute_image.jpg */ = {isa = PBXFileReference; lastKnownFileType = image.jpeg; path = cute_image.jpg; sourceTree = "<group>"; };
		C69402921E0E5A1D001EAF9C /* nice_music.ogg */ = {isa = PBXFileReference; lastKnownFileType = file; path = nice_music.ogg; sourceTree = "<group>"; };
		C69402941E0E5A1D001EAF9C /* sansation.ttf */ = {isa = PBXFileReference; lastKnownFileType = file; path = sansation.ttf; sourceTree = "<group>"; };
		C69402961E0E5A1D001EAF9C /* icon.png */ = {isa = PBXFileReference; lastKnownFileType = image.png; path = icon.png; sourceTree = "<group>"; };
		C694029D1E0E5C0E001EAF9C /* player.cpp */ = {isa = PBXFileReference; fileEncoding = 4; lastKnownFileType = sourcecode.cpp.cpp; path = player.cpp; sourceTree = "<group>"; };
		C694029E1E0E5C0E001EAF9C /* player.hpp */ = {isa = PBXFileReference; fileEncoding = 4; lastKnownFileType = sourcecode.cpp.h; path = player.hpp; sourceTree = "<group>"; };
		C69402A41E1E1FB7001EAF9C /* vertsea.png */ = {isa = PBXFileReference; lastKnownFileType = image.png; path = vertsea.png; sourceTree = "<group>"; };
		C69402A91E218B2B001EAF9C /* sprite_1.png */ = {isa = PBXFileReference; lastKnownFileType = image.png; path = sprite_1.png; sourceTree = "<group>"; };
		C6BF562B1EF499130042F98F /* npc.cpp */ = {isa = PBXFileReference; fileEncoding = 4; lastKnownFileType = sourcecode.cpp.cpp; path = npc.cpp; sourceTree = "<group>"; };
		C6BF562C1EF499130042F98F /* npc.hpp */ = {isa = PBXFileReference; fileEncoding = 4; lastKnownFileType = sourcecode.cpp.h; path = npc.hpp; sourceTree = "<group>"; };
		C6BF56301EF4BF4B0042F98F /* vertsea 1.png */ = {isa = PBXFileReference; lastKnownFileType = image.png; path = "vertsea 1.png"; sourceTree = "<group>"; };
		C6BF56321EF742D00042F98F /* textbox.cpp */ = {isa = PBXFileReference; fileEncoding = 4; lastKnownFileType = sourcecode.cpp.cpp; path = textbox.cpp; sourceTree = "<group>"; };
		C6BF56331EF742D00042F98F /* textbox.hpp */ = {isa = PBXFileReference; fileEncoding = 4; lastKnownFileType = sourcecode.cpp.h; path = textbox.hpp; sourceTree = "<group>"; };
/* End PBXFileReference section */

/* Begin PBXFrameworksBuildPhase section */
		C69402811E0E5A1C001EAF9C /* Frameworks */ = {
			isa = PBXFrameworksBuildPhase;
			buildActionMask = 2147483647;
			files = (
			);
			runOnlyForDeploymentPostprocessing = 0;
		};
/* End PBXFrameworksBuildPhase section */

/* Begin PBXGroup section */
		C694027B1E0E5A1C001EAF9C = {
			isa = PBXGroup;
			children = (
				C69402871E0E5A1D001EAF9C /* Overworld */,
				C69402861E0E5A1D001EAF9C /* Products */,
			);
			sourceTree = "<group>";
		};
		C69402861E0E5A1D001EAF9C /* Products */ = {
			isa = PBXGroup;
			children = (
				C69402851E0E5A1C001EAF9C /* Overworld.app */,
			);
			name = Products;
			sourceTree = "<group>";
		};
		C69402871E0E5A1D001EAF9C /* Overworld */ = {
			isa = PBXGroup;
			children = (
				C694028A1E0E5A1D001EAF9C /* ResourcePath.mm */,
				C694028C1E0E5A1D001EAF9C /* ResourcePath.hpp */,
				C694028D1E0E5A1D001EAF9C /* main.cpp */,
				C6BF56321EF742D00042F98F /* textbox.cpp */,
				C6BF56331EF742D00042F98F /* textbox.hpp */,
				C6BF562B1EF499130042F98F /* npc.cpp */,
				C6BF562C1EF499130042F98F /* npc.hpp */,
				C694029D1E0E5C0E001EAF9C /* player.cpp */,
				C694029E1E0E5C0E001EAF9C /* player.hpp */,
				C650F5811F23B53D00F4AF87 /* fighter.cpp */,
				C650F5821F23B53D00F4AF87 /* fighter.hpp */,
				C694028F1E0E5A1D001EAF9C /* Resources */,
			);
			path = Overworld;
			sourceTree = "<group>";
		};
		C694028F1E0E5A1D001EAF9C /* Resources */ = {
			isa = PBXGroup;
			children = (
				C6BF56301EF4BF4B0042F98F /* vertsea 1.png */,
				C69402A91E218B2B001EAF9C /* sprite_1.png */,
				C69402901E0E5A1D001EAF9C /* cute_image.jpg */,
				C69402921E0E5A1D001EAF9C /* nice_music.ogg */,
				C69402A41E1E1FB7001EAF9C /* vertsea.png */,
				C69402941E0E5A1D001EAF9C /* sansation.ttf */,
				C69402961E0E5A1D001EAF9C /* icon.png */,
			);
			name = Resources;
			sourceTree = "<group>";
		};
/* End PBXGroup section */

/* Begin PBXNativeTarget section */
		C69402841E0E5A1C001EAF9C /* Overworld */ = {
			isa = PBXNativeTarget;
			buildConfigurationList = C694029A1E0E5A1D001EAF9C /* Build configuration list for PBXNativeTarget "Overworld" */;
			buildPhases = (
				C69402801E0E5A1C001EAF9C /* Sources */,
				C69402811E0E5A1C001EAF9C /* Frameworks */,
				C69402821E0E5A1C001EAF9C /* Resources */,
				C69402831E0E5A1C001EAF9C /* ShellScript */,
			);
			buildRules = (
			);
			dependencies = (
			);
			name = Overworld;
			productName = Overworld;
			productReference = C69402851E0E5A1C001EAF9C /* Overworld.app */;
			productType = "com.apple.product-type.application";
		};
/* End PBXNativeTarget section */

/* Begin PBXProject section */
		C694027C1E0E5A1C001EAF9C /* Project object */ = {
			isa = PBXProject;
			attributes = {
				LastUpgradeCheck = 0820;
				ORGANIZATIONNAME = "Brendan Coppinger";
				TargetAttributes = {
					C69402841E0E5A1C001EAF9C = {
						CreatedOnToolsVersion = 8.2.1;
						ProvisioningStyle = Automatic;
					};
				};
			};
			buildConfigurationList = C694027F1E0E5A1C001EAF9C /* Build configuration list for PBXProject "Overworld" */;
			compatibilityVersion = "Xcode 3.2";
			developmentRegion = English;
			hasScannedForEncodings = 0;
			knownRegions = (
				en,
			);
			mainGroup = C694027B1E0E5A1C001EAF9C;
			productRefGroup = C69402861E0E5A1D001EAF9C /* Products */;
			projectDirPath = "";
			projectRoot = "";
			targets = (
				C69402841E0E5A1C001EAF9C /* Overworld */,
			);
		};
/* End PBXProject section */

/* Begin PBXResourcesBuildPhase section */
		C69402821E0E5A1C001EAF9C /* Resources */ = {
			isa = PBXResourcesBuildPhase;
			buildActionMask = 2147483647;
			files = (
				C69402AA1E218B2B001EAF9C /* sprite_1.png in Resources */,
				C69402971E0E5A1D001EAF9C /* icon.png in Resources */,
				C6BF56311EF4BF4B0042F98F /* vertsea 1.png in Resources */,
				C69402A51E1E1FB7001EAF9C /* vertsea.png in Resources */,
				C69402951E0E5A1D001EAF9C /* sansation.ttf in Resources */,
				C69402931E0E5A1D001EAF9C /* nice_music.ogg in Resources */,
				C69402911E0E5A1D001EAF9C /* cute_image.jpg in Resources */,
			);
			runOnlyForDeploymentPostprocessing = 0;
		};
/* End PBXResourcesBuildPhase section */

/* Begin PBXShellScriptBuildPhase section */
		C69402831E0E5A1C001EAF9C /* ShellScript */ = {
			isa = PBXShellScriptBuildPhase;
			buildActionMask = 2147483647;
			files = (
			);
			inputPaths = (
			);
			outputPaths = (
			);
			runOnlyForDeploymentPostprocessing = 0;
			shellPath = /bin/sh;
			shellScript = "# This shell script simply copies required SFML dylibs/frameworks into the application bundle frameworks folder.\n# If you're using static libraries (which is not recommended) you should remove this script from your project.\n\n# SETTINGS\nCMAKE_INSTALL_FRAMEWORK_PREFIX=\"/Library/Frameworks\"\nCMAKE_INSTALL_LIB_PREFIX=\"/usr/local/lib\"\nFRAMEWORKS_FULL_PATH=\"$BUILT_PRODUCTS_DIR/$FRAMEWORKS_FOLDER_PATH/\"\n\n# Are we building a project that uses frameworks or dylibs?\ncase \"$SFML_BINARY_TYPE\" in\n    DYLIBS)\n        frameworks=\"false\"\n        ;;\n    *)\n        frameworks=\"true\"\n        ;;\nesac\n\n# Echoes to stderr\nerror () # $* message to display\n{\n    echo $* 1>&2\n    exit 2\n}\n\nassert () # $1 is a boolean, $2...N is an error message\n{\n    if [ $# -lt 2 ]\n    then\n        error \"Internal error in assert: not enough args\"\n    fi\n\n    if [ $1 -ne 0 ]\n    then\n        shift\n        error \"$*\"\n    fi\n}\n\nforce_remove () # $@ is some paths\n{\n    test $# -ge 1\n    assert $? \"force_remove() requires at least one parameter\"\n    rm -fr $@\n    assert $? \"couldn't remove $@\"\n}\n\ncopy () # $1 is a source, $2 is a destination\n{\n    test $# -eq 2\n    assert $? \"copy() requires two parameters\"\n    ditto \"$1\" \"$2\"\n    assert $? \"couldn't copy $1 to $2\"\n}\n\nrequire () # $1 is a SFML module like 'system' or 'audio'\n{\n    dest=\"$BUILT_PRODUCTS_DIR/$FRAMEWORKS_FOLDER_PATH/\"\n\n    if [ -z \"$1\" ]\n    then\n        error \"require() requires one parameter!\"\n    else\n        # clean potentially old stuff\n        force_remove \"$dest/libsfml-$1\"*\n        force_remove \"$dest/sfml-$1.framework\"\n\n        # copy SFML libraries\n        if [ \"$frameworks\" = \"true\" ]\n        then\n            source=\"$CMAKE_INSTALL_FRAMEWORK_PREFIX/sfml-$1.framework\"\n            target=\"sfml-$1.framework\"\n        elif [ \"$SFML_LINK_DYLIBS_SUFFIX\" = \"-d\" ]\n        then\n            source=\"$CMAKE_INSTALL_LIB_PREFIX/libsfml-$1-d.dylib\"\n            target=\"`readlink $source`\"\n        else\n            source=\"$CMAKE_INSTALL_LIB_PREFIX/libsfml-$1.dylib\"\n            target=\"`readlink $source`\"\n        fi\n\n        copy \"$source\" \"$dest/$target\"\n\n        # copy extra dependencies\n        if [ \"$1\" = \"audio\" ]\n        then\n            # copy \"FLAC\" \"ogg\" \"vorbis\" \"vorbisenc\" \"vorbisfile\" \"OpenAL\" frameworks too\n            for f in \"FLAC\" \"ogg\" \"vorbis\" \"vorbisenc\" \"vorbisfile\" \"OpenAL\"\n            do\n                copy \"$CMAKE_INSTALL_FRAMEWORK_PREFIX/$f.framework\" \"$dest/$f.framework\"\n            done\n        elif [ \"$1\" = \"graphics\" ]\n        then\n            copy \"$CMAKE_INSTALL_FRAMEWORK_PREFIX/freetype.framework\" \"$dest/freetype.framework\"\n        fi\n    fi\n}\n\nif [ -n \"$SFML_SYSTEM\" ]\nthen\n    require \"system\"\nfi\n\nif [ -n \"$SFML_AUDIO\" ]\nthen\n    require \"audio\"\nfi\n\nif [ -n \"$SFML_NETWORK\" ]\nthen\n    require \"network\"\nfi\n\nif [ -n \"$SFML_WINDOW\" ]\nthen\n    require \"window\"\nfi\n\nif [ -n \"$SFML_GRAPHICS\" ]\nthen\n    require \"graphics\"\nfi\n\n                ";
		};
/* End PBXShellScriptBuildPhase section */

/* Begin PBXSourcesBuildPhase section */
		C69402801E0E5A1C001EAF9C /* Sources */ = {
			isa = PBXSourcesBuildPhase;
			buildActionMask = 2147483647;
			files = (
				C694028E1E0E5A1D001EAF9C /* main.cpp in Sources */,
				C694028B1E0E5A1D001EAF9C /* ResourcePath.mm in Sources */,
				C6BF562D1EF499130042F98F /* npc.cpp in Sources */,
				C650F5831F23B53D00F4AF87 /* fighter.cpp in Sources */,
				C6BF56341EF742D00042F98F /* textbox.cpp in Sources */,
				C694029F1E0E5C0E001EAF9C /* player.cpp in Sources */,
			);
			runOnlyForDeploymentPostprocessing = 0;
		};
/* End PBXSourcesBuildPhase section */

/* Begin XCBuildConfiguration section */
		C69402981E0E5A1D001EAF9C /* Debug */ = {
			isa = XCBuildConfiguration;
			buildSettings = {
				ARCHS = "$(NATIVE_ARCH_ACTUAL)";
				CLANG_CXX_LANGUAGE_STANDARD = "c++0x";
				CLANG_CXX_LIBRARY = "libc++";
				FRAMEWORK_SEARCH_PATHS = (
					/Library/Frameworks/,
					"$(inherited)",
				);
				GCC_VERSION = com.apple.compilers.llvm.clang.1_0;
				HEADER_SEARCH_PATHS = (
					/usr/local/include/,
					"$(inherited)",
				);
				LIBRARY_SEARCH_PATHS = (
					/usr/local/lib/,
					"$(inherited)",
				);
				MACOSX_DEPLOYMENT_TARGET = 10.7;
				OTHER_LDFLAGS = (
					"$(inherited)",
					"$(SFML_SYSTEM)",
					"$(SFML_WINDOW)",
					"$(SFML_GRAPHICS)",
					"$(SFML_AUDIO)",
					"$(SFML_NETWORK)",
				);
				SFML_AUDIO = "$(SFML_LINK_PREFIX) sfml-audio$(SFML_LINK_SUFFIX)";
				SFML_BINARY_TYPE = FRAMEWORKS;
				SFML_GRAPHICS = "$(SFML_LINK_PREFIX) sfml-graphics$(SFML_LINK_SUFFIX)";
				SFML_LINK_DYLIBS_PREFIX = "-l";
				SFML_LINK_DYLIBS_SUFFIX = "";
				SFML_LINK_FRAMEWORKS_PREFIX = "-framework";
				SFML_LINK_FRAMEWORKS_SUFFIX = "";
				SFML_LINK_PREFIX = "$(SFML_LINK_$(SFML_BINARY_TYPE)_PREFIX)";
				SFML_LINK_SUFFIX = "$(SFML_LINK_$(SFML_BINARY_TYPE)_SUFFIX)";
				SFML_NETWORK = "$(SFML_LINK_PREFIX) sfml-network$(SFML_LINK_SUFFIX)";
				SFML_SYSTEM = "$(SFML_LINK_PREFIX) sfml-system$(SFML_LINK_SUFFIX)";
				SFML_WINDOW = "$(SFML_LINK_PREFIX) sfml-window$(SFML_LINK_SUFFIX)";
				SUPPORTED_PLATFORMS = macosx;
			};
			name = Debug;
		};
		C69402991E0E5A1D001EAF9C /* Release */ = {
			isa = XCBuildConfiguration;
			buildSettings = {
				ARCHS = "$(NATIVE_ARCH_ACTUAL)";
				CLANG_CXX_LANGUAGE_STANDARD = "c++0x";
				CLANG_CXX_LIBRARY = "libc++";
				FRAMEWORK_SEARCH_PATHS = (
					/Library/Frameworks/,
					"$(inherited)",
				);
				GCC_VERSION = com.apple.compilers.llvm.clang.1_0;
				HEADER_SEARCH_PATHS = (
					/usr/local/include/,
					"$(inherited)",
				);
				LIBRARY_SEARCH_PATHS = (
					/usr/local/lib/,
					"$(inherited)",
				);
				MACOSX_DEPLOYMENT_TARGET = 10.7;
				OTHER_LDFLAGS = (
					"$(inherited)",
					"$(SFML_SYSTEM)",
					"$(SFML_WINDOW)",
					"$(SFML_GRAPHICS)",
					"$(SFML_AUDIO)",
					"$(SFML_NETWORK)",
				);
				SFML_AUDIO = "$(SFML_LINK_PREFIX) sfml-audio$(SFML_LINK_SUFFIX)";
				SFML_BINARY_TYPE = FRAMEWORKS;
				SFML_GRAPHICS = "$(SFML_LINK_PREFIX) sfml-graphics$(SFML_LINK_SUFFIX)";
				SFML_LINK_DYLIBS_PREFIX = "-l";
				SFML_LINK_DYLIBS_SUFFIX = "";
				SFML_LINK_FRAMEWORKS_PREFIX = "-framework";
				SFML_LINK_FRAMEWORKS_SUFFIX = "";
				SFML_LINK_PREFIX = "$(SFML_LINK_$(SFML_BINARY_TYPE)_PREFIX)";
				SFML_LINK_SUFFIX = "$(SFML_LINK_$(SFML_BINARY_TYPE)_SUFFIX)";
				SFML_NETWORK = "$(SFML_LINK_PREFIX) sfml-network$(SFML_LINK_SUFFIX)";
				SFML_SYSTEM = "$(SFML_LINK_PREFIX) sfml-system$(SFML_LINK_SUFFIX)";
				SFML_WINDOW = "$(SFML_LINK_PREFIX) sfml-window$(SFML_LINK_SUFFIX)";
				SUPPORTED_PLATFORMS = macosx;
			};
			name = Release;
		};
		C694029B1E0E5A1D001EAF9C /* Debug */ = {
			isa = XCBuildConfiguration;
			buildSettings = {
				INFOPLIST_FILE = "Overworld/Overworld-Info.plist";
				LD_RUNPATH_SEARCH_PATHS = "@loader_path/../Frameworks";
				PRODUCT_NAME = "$(TARGET_NAME)";
			};
			name = Debug;
		};
		C694029C1E0E5A1D001EAF9C /* Release */ = {
			isa = XCBuildConfiguration;
			buildSettings = {
				INFOPLIST_FILE = "Overworld/Overworld-Info.plist";
				LD_RUNPATH_SEARCH_PATHS = "@loader_path/../Frameworks";
				PRODUCT_NAME = "$(TARGET_NAME)";
			};
			name = Release;
		};
/* End XCBuildConfiguration section */

/* Begin XCConfigurationList section */
		C694027F1E0E5A1C001EAF9C /* Build configuration list for PBXProject "Overworld" */ = {
			isa = XCConfigurationList;
			buildConfigurations = (
				C69402981E0E5A1D001EAF9C /* Debug */,
				C69402991E0E5A1D001EAF9C /* Release */,
			);
			defaultConfigurationIsVisible = 0;
			defaultConfigurationName = Release;
		};
		C694029A1E0E5A1D001EAF9C /* Build configuration list for PBXNativeTarget "Overworld" */ = {
			isa = XCConfigurationList;
			buildConfigurations = (
				C694029B1E0E5A1D001EAF9C /* Debug */,
				C694029C1E0E5A1D001EAF9C /* Release */,
			);
			defaultConfigurationIsVisible = 0;
			defaultConfigurationName = Release;
		};
/* End XCConfigurationList section */
	};
	rootObject = C694027C1E0E5A1C001EAF9C /* Project object */;
}
